
Microsoft Visual Studio Solution File, Format Version 12.00
# Visual Studio 15
VisualStudioVersion = 15.0.27428.2011
MinimumVisualStudioVersion = 10.0.40219.1
Project("{FAE04EC0-301F-11D3-BF4B-00C04F79EFBC}") = "996超级计算器", "计算器\996超级计算器.csproj", "{50E7686C-03AF-4037-A26E-A1C23E3A5150}"
EndProject
Global
	GlobalSection(SolutionConfigurationPlatforms) = preSolution
		Debug|Any CPU = Debug|Any CPU
		Release|Any CPU = Release|Any CPU
	EndGlobalSection
	GlobalSection(ProjectConfigurationPlatforms) = postSolution
		{50E7686C-03AF-4037-A26E-A1C23E3A5150}.Debug|Any CPU.ActiveCfg = Debug|Any CPU
		{50E7686C-03AF-4037-A26E-A1C23E3A5150}.Debug|Any CPU.Build.0 = Debug|Any CPU
		{50E7686C-03AF-4037-A26E-A1C23E3A5150}.Release|Any CPU.ActiveCfg = Release|Any CPU
		{50E7686C-03AF-4037-A26E-A1C23E3A5150}.Release|Any CPU.Build.0 = Release|Any CPU
	EndGlobalSection
	GlobalSection(SolutionProperties) = preSolution
		HideSolutionNode = FALSE
	EndGlobalSection
	GlobalSection(ExtensibilityGlobals) = postSolution
		SolutionGuid = {B9A950C6-0DB5-4BEE-8194-D28B40C18D86}
	EndGlobalSection
EndGlobal
